// !$*UTF8*$!
{
	archiveVersion = 1;
	classes = {
	};
	objectVersion = 52;
	objects = {

/* Begin PBXBuildFile section */
		274F5A90260C6F7F0094719A /* UpCommingViewController.swift in Sources */ = {isa = PBXBuildFile; fileRef = 274F5A8F260C6F7F0094719A /* UpCommingViewController.swift */; };
		274F5A95260C767B0094719A /* GoogleService-Info.plist in Resources */ = {isa = PBXBuildFile; fileRef = 274F5A94260C767B0094719A /* GoogleService-Info.plist */; };
		274F5AAC260C7C920094719A /* HistoryViewController.swift in Sources */ = {isa = PBXBuildFile; fileRef = 274F5AAB260C7C920094719A /* HistoryViewController.swift */; };
		2750A93026047A130029F076 /* Kingfisher in Frameworks */ = {isa = PBXBuildFile; productRef = 2750A92F26047A130029F076 /* Kingfisher */; };
		2750A93826049FF30029F076 /* Player.storyboard in Resources */ = {isa = PBXBuildFile; fileRef = 2750A93726049FF30029F076 /* Player.storyboard */; };
		276DADC3260367A600A9ABD2 /* AppDelegate.swift in Sources */ = {isa = PBXBuildFile; fileRef = 276DADC2260367A600A9ABD2 /* AppDelegate.swift */; };
		276DADC5260367A600A9ABD2 /* SceneDelegate.swift in Sources */ = {isa = PBXBuildFile; fileRef = 276DADC4260367A600A9ABD2 /* SceneDelegate.swift */; };
		276DADCA260367A600A9ABD2 /* Main.storyboard in Resources */ = {isa = PBXBuildFile; fileRef = 276DADC8260367A600A9ABD2 /* Main.storyboard */; };
		276DADCC260367A900A9ABD2 /* Assets.xcassets in Resources */ = {isa = PBXBuildFile; fileRef = 276DADCB260367A900A9ABD2 /* Assets.xcassets */; };
		276DADCF260367A900A9ABD2 /* LaunchScreen.storyboard in Resources */ = {isa = PBXBuildFile; fileRef = 276DADCD260367A900A9ABD2 /* LaunchScreen.storyboard */; };
		276DADDA260367A900A9ABD2 /* Netflix_St_AppTests.swift in Sources */ = {isa = PBXBuildFile; fileRef = 276DADD9260367A900A9ABD2 /* Netflix_St_AppTests.swift */; };
		276DADE5260367AA00A9ABD2 /* Netflix_St_AppUITests.swift in Sources */ = {isa = PBXBuildFile; fileRef = 276DADE4260367AA00A9ABD2 /* Netflix_St_AppUITests.swift */; };
		276DADF9260369D300A9ABD2 /* SearchViewController.swift in Sources */ = {isa = PBXBuildFile; fileRef = 276DADF8260369D300A9ABD2 /* SearchViewController.swift */; };
		276DADFE2603918600A9ABD2 /* AppTabBarController.swift in Sources */ = {isa = PBXBuildFile; fileRef = 276DADFD2603918600A9ABD2 /* AppTabBarController.swift */; };
		276DAE032603920600A9ABD2 /* HomeViewController.swift in Sources */ = {isa = PBXBuildFile; fileRef = 276DAE022603920600A9ABD2 /* HomeViewController.swift */; };
		276DAE0B2603924300A9ABD2 /* RecommendListViewController.swift in Sources */ = {isa = PBXBuildFile; fileRef = 276DAE0A2603924300A9ABD2 /* RecommendListViewController.swift */; };
		276DAE152603928800A9ABD2 /* PlayerViewController.swift in Sources */ = {isa = PBXBuildFile; fileRef = 276DAE142603928800A9ABD2 /* PlayerViewController.swift */; };
		276DAE1A260392A600A9ABD2 /* PlayerView.swift in Sources */ = {isa = PBXBuildFile; fileRef = 276DAE19260392A600A9ABD2 /* PlayerView.swift */; };
		7506BCBE01CBE19CE6F3ABB1 /* Pods_Netflix_St_App.framework in Frameworks */ = {isa = PBXBuildFile; fileRef = 2ADDDAFA1F783369D6DF75DA /* Pods_Netflix_St_App.framework */; };
		ACDB852F5FCE8833BA208872 /* Pods_Netflix_St_App_Netflix_St_AppUITests.framework in Frameworks */ = {isa = PBXBuildFile; fileRef = 2ACCEB55A1FBCB93174ADD07 /* Pods_Netflix_St_App_Netflix_St_AppUITests.framework */; };
		C5AC220A6F13DD9230FF5B6A /* Pods_Netflix_St_AppTests.framework in Frameworks */ = {isa = PBXBuildFile; fileRef = 5D5A4398F3EB506A9E3AE31C /* Pods_Netflix_St_AppTests.framework */; };
/* End PBXBuildFile section */

/* Begin PBXContainerItemProxy section */
		276DADD6260367A900A9ABD2 /* PBXContainerItemProxy */ = {
			isa = PBXContainerItemProxy;
			containerPortal = 276DADB7260367A600A9ABD2 /* Project object */;
			proxyType = 1;
			remoteGlobalIDString = 276DADBE260367A600A9ABD2;
			remoteInfo = Netflix_St_App;
		};
		276DADE1260367AA00A9ABD2 /* PBXContainerItemProxy */ = {
			isa = PBXContainerItemProxy;
			containerPortal = 276DADB7260367A600A9ABD2 /* Project object */;
			proxyType = 1;
			remoteGlobalIDString = 276DADBE260367A600A9ABD2;
			remoteInfo = Netflix_St_App;
		};
/* End PBXContainerItemProxy section */

/* Begin PBXFileReference section */
		06E148F19A40685B39B49FDD /* Pods-Netflix_St_App.release.xcconfig */ = {isa = PBXFileReference; includeInIndex = 1; lastKnownFileType = text.xcconfig; name = "Pods-Netflix_St_App.release.xcconfig"; path = "Target Support Files/Pods-Netflix_St_App/Pods-Netflix_St_App.release.xcconfig"; sourceTree = "<group>"; };
		2272DA45E8D9A89565567ABE /* Pods-Netflix_St_App-Netflix_St_AppUITests.release.xcconfig */ = {isa = PBXFileReference; includeInIndex = 1; lastKnownFileType = text.xcconfig; name = "Pods-Netflix_St_App-Netflix_St_AppUITests.release.xcconfig"; path = "Target Support Files/Pods-Netflix_St_App-Netflix_St_AppUITests/Pods-Netflix_St_App-Netflix_St_AppUITests.release.xcconfig"; sourceTree = "<group>"; };
		274F5A8F260C6F7F0094719A /* UpCommingViewController.swift */ = {isa = PBXFileReference; lastKnownFileType = sourcecode.swift; path = UpCommingViewController.swift; sourceTree = "<group>"; };
		274F5A94260C767B0094719A /* GoogleService-Info.plist */ = {isa = PBXFileReference; fileEncoding = 4; lastKnownFileType = text.plist.xml; name = "GoogleService-Info.plist"; path = "../../../../Downloads/GoogleService-Info.plist"; sourceTree = "<group>"; };
		274F5AAB260C7C920094719A /* HistoryViewController.swift */ = {isa = PBXFileReference; lastKnownFileType = sourcecode.swift; path = HistoryViewController.swift; sourceTree = "<group>"; };
		2750A93726049FF30029F076 /* Player.storyboard */ = {isa = PBXFileReference; lastKnownFileType = file.storyboard; path = Player.storyboard; sourceTree = "<group>"; };
		276DADBF260367A600A9ABD2 /* Netflix_St_App.app */ = {isa = PBXFileReference; explicitFileType = wrapper.application; includeInIndex = 0; path = Netflix_St_App.app; sourceTree = BUILT_PRODUCTS_DIR; };
		276DADC2260367A600A9ABD2 /* AppDelegate.swift */ = {isa = PBXFileReference; lastKnownFileType = sourcecode.swift; path = AppDelegate.swift; sourceTree = "<group>"; };
		276DADC4260367A600A9ABD2 /* SceneDelegate.swift */ = {isa = PBXFileReference; lastKnownFileType = sourcecode.swift; path = SceneDelegate.swift; sourceTree = "<group>"; };
		276DADC9260367A600A9ABD2 /* Base */ = {isa = PBXFileReference; lastKnownFileType = file.storyboard; name = Base; path = Base.lproj/Main.storyboard; sourceTree = "<group>"; };
		276DADCB260367A900A9ABD2 /* Assets.xcassets */ = {isa = PBXFileReference; lastKnownFileType = folder.assetcatalog; path = Assets.xcassets; sourceTree = "<group>"; };
		276DADCE260367A900A9ABD2 /* Base */ = {isa = PBXFileReference; lastKnownFileType = file.storyboard; name = Base; path = Base.lproj/LaunchScreen.storyboard; sourceTree = "<group>"; };
		276DADD0260367A900A9ABD2 /* Info.plist */ = {isa = PBXFileReference; lastKnownFileType = text.plist.xml; path = Info.plist; sourceTree = "<group>"; };
		276DADD5260367A900A9ABD2 /* Netflix_St_AppTests.xctest */ = {isa = PBXFileReference; explicitFileType = wrapper.cfbundle; includeInIndex = 0; path = Netflix_St_AppTests.xctest; sourceTree = BUILT_PRODUCTS_DIR; };
		276DADD9260367A900A9ABD2 /* Netflix_St_AppTests.swift */ = {isa = PBXFileReference; lastKnownFileType = sourcecode.swift; path = Netflix_St_AppTests.swift; sourceTree = "<group>"; };
		276DADDB260367A900A9ABD2 /* Info.plist */ = {isa = PBXFileReference; lastKnownFileType = text.plist.xml; path = Info.plist; sourceTree = "<group>"; };
		276DADE0260367AA00A9ABD2 /* Netflix_St_AppUITests.xctest */ = {isa = PBXFileReference; explicitFileType = wrapper.cfbundle; includeInIndex = 0; path = Netflix_St_AppUITests.xctest; sourceTree = BUILT_PRODUCTS_DIR; };
		276DADE4260367AA00A9ABD2 /* Netflix_St_AppUITests.swift */ = {isa = PBXFileReference; lastKnownFileType = sourcecode.swift; path = Netflix_St_AppUITests.swift; sourceTree = "<group>"; };
		276DADE6260367AA00A9ABD2 /* Info.plist */ = {isa = PBXFileReference; lastKnownFileType = text.plist.xml; path = Info.plist; sourceTree = "<group>"; };
		276DADF8260369D300A9ABD2 /* SearchViewController.swift */ = {isa = PBXFileReference; lastKnownFileType = sourcecode.swift; path = SearchViewController.swift; sourceTree = "<group>"; };
		276DADFD2603918600A9ABD2 /* AppTabBarController.swift */ = {isa = PBXFileReference; lastKnownFileType = sourcecode.swift; path = AppTabBarController.swift; sourceTree = "<group>"; };
		276DAE022603920600A9ABD2 /* HomeViewController.swift */ = {isa = PBXFileReference; lastKnownFileType = sourcecode.swift; path = HomeViewController.swift; sourceTree = "<group>"; };
		276DAE0A2603924300A9ABD2 /* RecommendListViewController.swift */ = {isa = PBXFileReference; lastKnownFileType = sourcecode.swift; path = RecommendListViewController.swift; sourceTree = "<group>"; };
		276DAE142603928800A9ABD2 /* PlayerViewController.swift */ = {isa = PBXFileReference; lastKnownFileType = sourcecode.swift; path = PlayerViewController.swift; sourceTree = "<group>"; };
		276DAE19260392A600A9ABD2 /* PlayerView.swift */ = {isa = PBXFileReference; lastKnownFileType = sourcecode.swift; path = PlayerView.swift; sourceTree = "<group>"; };
		2ACCEB55A1FBCB93174ADD07 /* Pods_Netflix_St_App_Netflix_St_AppUITests.framework */ = {isa = PBXFileReference; explicitFileType = wrapper.framework; includeInIndex = 0; path = Pods_Netflix_St_App_Netflix_St_AppUITests.framework; sourceTree = BUILT_PRODUCTS_DIR; };
		2ADDDAFA1F783369D6DF75DA /* Pods_Netflix_St_App.framework */ = {isa = PBXFileReference; explicitFileType = wrapper.framework; includeInIndex = 0; path = Pods_Netflix_St_App.framework; sourceTree = BUILT_PRODUCTS_DIR; };
		307CCF529767D608E739F342 /* Pods-Netflix_St_App-Netflix_St_AppUITests.debug.xcconfig */ = {isa = PBXFileReference; includeInIndex = 1; lastKnownFileType = text.xcconfig; name = "Pods-Netflix_St_App-Netflix_St_AppUITests.debug.xcconfig"; path = "Target Support Files/Pods-Netflix_St_App-Netflix_St_AppUITests/Pods-Netflix_St_App-Netflix_St_AppUITests.debug.xcconfig"; sourceTree = "<group>"; };
		376A92C33D7543E685D8D7A8 /* Pods-Netflix_St_App.debug.xcconfig */ = {isa = PBXFileReference; includeInIndex = 1; lastKnownFileType = text.xcconfig; name = "Pods-Netflix_St_App.debug.xcconfig"; path = "Target Support Files/Pods-Netflix_St_App/Pods-Netflix_St_App.debug.xcconfig"; sourceTree = "<group>"; };
		5D5A4398F3EB506A9E3AE31C /* Pods_Netflix_St_AppTests.framework */ = {isa = PBXFileReference; explicitFileType = wrapper.framework; includeInIndex = 0; path = Pods_Netflix_St_AppTests.framework; sourceTree = BUILT_PRODUCTS_DIR; };
		8F9D51AA417246D4BDC8A40A /* Pods-Netflix_St_AppTests.debug.xcconfig */ = {isa = PBXFileReference; includeInIndex = 1; lastKnownFileType = text.xcconfig; name = "Pods-Netflix_St_AppTests.debug.xcconfig"; path = "Target Support Files/Pods-Netflix_St_AppTests/Pods-Netflix_St_AppTests.debug.xcconfig"; sourceTree = "<group>"; };
		F521C39EF55D3EAE86775013 /* Pods-Netflix_St_AppTests.release.xcconfig */ = {isa = PBXFileReference; includeInIndex = 1; lastKnownFileType = text.xcconfig; name = "Pods-Netflix_St_AppTests.release.xcconfig"; path = "Target Support Files/Pods-Netflix_St_AppTests/Pods-Netflix_St_AppTests.release.xcconfig"; sourceTree = "<group>"; };
/* End PBXFileReference section */

/* Begin PBXFrameworksBuildPhase section */
		276DADBC260367A600A9ABD2 /* Frameworks */ = {
			isa = PBXFrameworksBuildPhase;
			buildActionMask = 2147483647;
			files = (
				2750A93026047A130029F076 /* Kingfisher in Frameworks */,
				7506BCBE01CBE19CE6F3ABB1 /* Pods_Netflix_St_App.framework in Frameworks */,
			);
			runOnlyForDeploymentPostprocessing = 0;
		};
		276DADD2260367A900A9ABD2 /* Frameworks */ = {
			isa = PBXFrameworksBuildPhase;
			buildActionMask = 2147483647;
			files = (
				C5AC220A6F13DD9230FF5B6A /* Pods_Netflix_St_AppTests.framework in Frameworks */,
			);
			runOnlyForDeploymentPostprocessing = 0;
		};
		276DADDD260367AA00A9ABD2 /* Frameworks */ = {
			isa = PBXFrameworksBuildPhase;
			buildActionMask = 2147483647;
			files = (
				ACDB852F5FCE8833BA208872 /* Pods_Netflix_St_App_Netflix_St_AppUITests.framework in Frameworks */,
			);
			runOnlyForDeploymentPostprocessing = 0;
		};
/* End PBXFrameworksBuildPhase section */

/* Begin PBXGroup section */
		276DADB6260367A600A9ABD2 = {
			isa = PBXGroup;
			children = (
				276DADC1260367A600A9ABD2 /* Netflix_St_App */,
				276DADD8260367A900A9ABD2 /* Netflix_St_AppTests */,
				276DADE3260367AA00A9ABD2 /* Netflix_St_AppUITests */,
				276DADC0260367A600A9ABD2 /* Products */,
				5EDF7242F2190E2BBB3372F5 /* Pods */,
				A7CE85E692447F9E040AC2AA /* Frameworks */,
			);
			sourceTree = "<group>";
		};
		276DADC0260367A600A9ABD2 /* Products */ = {
			isa = PBXGroup;
			children = (
				276DADBF260367A600A9ABD2 /* Netflix_St_App.app */,
				276DADD5260367A900A9ABD2 /* Netflix_St_AppTests.xctest */,
				276DADE0260367AA00A9ABD2 /* Netflix_St_AppUITests.xctest */,
			);
			name = Products;
			sourceTree = "<group>";
		};
		276DADC1260367A600A9ABD2 /* Netflix_St_App */ = {
			isa = PBXGroup;
			children = (
				276DADC2260367A600A9ABD2 /* AppDelegate.swift */,
				276DADC4260367A600A9ABD2 /* SceneDelegate.swift */,
				276DADFD2603918600A9ABD2 /* AppTabBarController.swift */,
				276DAE022603920600A9ABD2 /* HomeViewController.swift */,
				276DADF8260369D300A9ABD2 /* SearchViewController.swift */,
				274F5AAB260C7C920094719A /* HistoryViewController.swift */,
				276DAE0A2603924300A9ABD2 /* RecommendListViewController.swift */,
				276DADC8260367A600A9ABD2 /* Main.storyboard */,
				274F5A8F260C6F7F0094719A /* UpCommingViewController.swift */,
				2750A93726049FF30029F076 /* Player.storyboard */,
				276DAE142603928800A9ABD2 /* PlayerViewController.swift */,
				276DAE19260392A600A9ABD2 /* PlayerView.swift */,
				276DADCB260367A900A9ABD2 /* Assets.xcassets */,
				276DADCD260367A900A9ABD2 /* LaunchScreen.storyboard */,
				276DADD0260367A900A9ABD2 /* Info.plist */,
				274F5A94260C767B0094719A /* GoogleService-Info.plist */,
			);
			path = Netflix_St_App;
			sourceTree = "<group>";
		};
		276DADD8260367A900A9ABD2 /* Netflix_St_AppTests */ = {
			isa = PBXGroup;
			children = (
				276DADD9260367A900A9ABD2 /* Netflix_St_AppTests.swift */,
				276DADDB260367A900A9ABD2 /* Info.plist */,
			);
			path = Netflix_St_AppTests;
			sourceTree = "<group>";
		};
		276DADE3260367AA00A9ABD2 /* Netflix_St_AppUITests */ = {
			isa = PBXGroup;
			children = (
				276DADE4260367AA00A9ABD2 /* Netflix_St_AppUITests.swift */,
				276DADE6260367AA00A9ABD2 /* Info.plist */,
			);
			path = Netflix_St_AppUITests;
			sourceTree = "<group>";
		};
		5EDF7242F2190E2BBB3372F5 /* Pods */ = {
			isa = PBXGroup;
			children = (
				376A92C33D7543E685D8D7A8 /* Pods-Netflix_St_App.debug.xcconfig */,
				06E148F19A40685B39B49FDD /* Pods-Netflix_St_App.release.xcconfig */,
				307CCF529767D608E739F342 /* Pods-Netflix_St_App-Netflix_St_AppUITests.debug.xcconfig */,
				2272DA45E8D9A89565567ABE /* Pods-Netflix_St_App-Netflix_St_AppUITests.release.xcconfig */,
				8F9D51AA417246D4BDC8A40A /* Pods-Netflix_St_AppTests.debug.xcconfig */,
				F521C39EF55D3EAE86775013 /* Pods-Netflix_St_AppTests.release.xcconfig */,
			);
			path = Pods;
			sourceTree = "<group>";
		};
		A7CE85E692447F9E040AC2AA /* Frameworks */ = {
			isa = PBXGroup;
			children = (
				2ADDDAFA1F783369D6DF75DA /* Pods_Netflix_St_App.framework */,
				2ACCEB55A1FBCB93174ADD07 /* Pods_Netflix_St_App_Netflix_St_AppUITests.framework */,
				5D5A4398F3EB506A9E3AE31C /* Pods_Netflix_St_AppTests.framework */,
			);
			name = Frameworks;
			sourceTree = "<group>";
		};
/* End PBXGroup section */

/* Begin PBXNativeTarget section */
		276DADBE260367A600A9ABD2 /* Netflix_St_App */ = {
			isa = PBXNativeTarget;
			buildConfigurationList = 276DADE9260367AA00A9ABD2 /* Build configuration list for PBXNativeTarget "Netflix_St_App" */;
			buildPhases = (
				4C367172A2FCBC13ED90FF38 /* [CP] Check Pods Manifest.lock */,
				276DADBB260367A600A9ABD2 /* Sources */,
				276DADBC260367A600A9ABD2 /* Frameworks */,
				276DADBD260367A600A9ABD2 /* Resources */,
				1473990E9097B687608440DA /* [CP] Embed Pods Frameworks */,
			);
			buildRules = (
			);
			dependencies = (
			);
			name = Netflix_St_App;
			packageProductDependencies = (
				2750A92F26047A130029F076 /* Kingfisher */,
			);
			productName = Netflix_St_App;
			productReference = 276DADBF260367A600A9ABD2 /* Netflix_St_App.app */;
			productType = "com.apple.product-type.application";
		};
		276DADD4260367A900A9ABD2 /* Netflix_St_AppTests */ = {
			isa = PBXNativeTarget;
			buildConfigurationList = 276DADEC260367AA00A9ABD2 /* Build configuration list for PBXNativeTarget "Netflix_St_AppTests" */;
			buildPhases = (
				CC618A2DC7543F5B76BE3AAF /* [CP] Check Pods Manifest.lock */,
				276DADD1260367A900A9ABD2 /* Sources */,
				276DADD2260367A900A9ABD2 /* Frameworks */,
				276DADD3260367A900A9ABD2 /* Resources */,
			);
			buildRules = (
			);
			dependencies = (
				276DADD7260367A900A9ABD2 /* PBXTargetDependency */,
			);
			name = Netflix_St_AppTests;
			productName = Netflix_St_AppTests;
			productReference = 276DADD5260367A900A9ABD2 /* Netflix_St_AppTests.xctest */;
			productType = "com.apple.product-type.bundle.unit-test";
		};
		276DADDF260367AA00A9ABD2 /* Netflix_St_AppUITests */ = {
			isa = PBXNativeTarget;
			buildConfigurationList = 276DADEF260367AA00A9ABD2 /* Build configuration list for PBXNativeTarget "Netflix_St_AppUITests" */;
			buildPhases = (
				6DDAED7AD96C762E2DBB097F /* [CP] Check Pods Manifest.lock */,
				276DADDC260367AA00A9ABD2 /* Sources */,
				276DADDD260367AA00A9ABD2 /* Frameworks */,
				276DADDE260367AA00A9ABD2 /* Resources */,
				1CC16444A87E5E783804BBB5 /* [CP] Embed Pods Frameworks */,
			);
			buildRules = (
			);
			dependencies = (
				276DADE2260367AA00A9ABD2 /* PBXTargetDependency */,
			);
			name = Netflix_St_AppUITests;
			productName = Netflix_St_AppUITests;
			productReference = 276DADE0260367AA00A9ABD2 /* Netflix_St_AppUITests.xctest */;
			productType = "com.apple.product-type.bundle.ui-testing";
		};
/* End PBXNativeTarget section */

/* Begin PBXProject section */
		276DADB7260367A600A9ABD2 /* Project object */ = {
			isa = PBXProject;
			attributes = {
				LastSwiftUpdateCheck = 1240;
				LastUpgradeCheck = 1240;
				TargetAttributes = {
					276DADBE260367A600A9ABD2 = {
						CreatedOnToolsVersion = 12.4;
					};
					276DADD4260367A900A9ABD2 = {
						CreatedOnToolsVersion = 12.4;
						TestTargetID = 276DADBE260367A600A9ABD2;
					};
					276DADDF260367AA00A9ABD2 = {
						CreatedOnToolsVersion = 12.4;
						TestTargetID = 276DADBE260367A600A9ABD2;
					};
				};
			};
			buildConfigurationList = 276DADBA260367A600A9ABD2 /* Build configuration list for PBXProject "Netflix_St_App" */;
			compatibilityVersion = "Xcode 9.3";
			developmentRegion = en;
			hasScannedForEncodings = 0;
			knownRegions = (
				en,
				Base,
			);
			mainGroup = 276DADB6260367A600A9ABD2;
			packageReferences = (
				2750A92E26047A130029F076 /* XCRemoteSwiftPackageReference "Kingfisher" */,
			);
			productRefGroup = 276DADC0260367A600A9ABD2 /* Products */;
			projectDirPath = "";
			projectRoot = "";
			targets = (
				276DADBE260367A600A9ABD2 /* Netflix_St_App */,
				276DADD4260367A900A9ABD2 /* Netflix_St_AppTests */,
				276DADDF260367AA00A9ABD2 /* Netflix_St_AppUITests */,
			);
		};
/* End PBXProject section */

/* Begin PBXResourcesBuildPhase section */
		276DADBD260367A600A9ABD2 /* Resources */ = {
			isa = PBXResourcesBuildPhase;
			buildActionMask = 2147483647;
			files = (
				276DADCF260367A900A9ABD2 /* LaunchScreen.storyboard in Resources */,
				2750A93826049FF30029F076 /* Player.storyboard in Resources */,
				274F5A95260C767B0094719A /* GoogleService-Info.plist in Resources */,
				276DADCC260367A900A9ABD2 /* Assets.xcassets in Resources */,
				276DADCA260367A600A9ABD2 /* Main.storyboard in Resources */,
			);
			runOnlyForDeploymentPostprocessing = 0;
		};
		276DADD3260367A900A9ABD2 /* Resources */ = {
			isa = PBXResourcesBuildPhase;
			buildActionMask = 2147483647;
			files = (
			);
			runOnlyForDeploymentPostprocessing = 0;
		};
		276DADDE260367AA00A9ABD2 /* Resources */ = {
			isa = PBXResourcesBuildPhase;
			buildActionMask = 2147483647;
			files = (
			);
			runOnlyForDeploymentPostprocessing = 0;
		};
/* End PBXResourcesBuildPhase section */

/* Begin PBXShellScriptBuildPhase section */
		1473990E9097B687608440DA /* [CP] Embed Pods Frameworks */ = {
			isa = PBXShellScriptBuildPhase;
			buildActionMask = 2147483647;
			files = (
			);
			inputFileListPaths = (
				"${PODS_ROOT}/Target Support Files/Pods-Netflix_St_App/Pods-Netflix_St_App-frameworks-${CONFIGURATION}-input-files.xcfilelist",
			);
			name = "[CP] Embed Pods Frameworks";
			outputFileListPaths = (
				"${PODS_ROOT}/Target Support Files/Pods-Netflix_St_App/Pods-Netflix_St_App-frameworks-${CONFIGURATION}-output-files.xcfilelist",
			);
			runOnlyForDeploymentPostprocessing = 0;
			shellPath = /bin/sh;
			shellScript = "\"${PODS_ROOT}/Target Support Files/Pods-Netflix_St_App/Pods-Netflix_St_App-frameworks.sh\"\n";
			showEnvVarsInLog = 0;
		};
		1CC16444A87E5E783804BBB5 /* [CP] Embed Pods Frameworks */ = {
			isa = PBXShellScriptBuildPhase;
			buildActionMask = 2147483647;
			files = (
			);
			inputFileListPaths = (
				"${PODS_ROOT}/Target Support Files/Pods-Netflix_St_App-Netflix_St_AppUITests/Pods-Netflix_St_App-Netflix_St_AppUITests-frameworks-${CONFIGURATION}-input-files.xcfilelist",
			);
			name = "[CP] Embed Pods Frameworks";
			outputFileListPaths = (
				"${PODS_ROOT}/Target Support Files/Pods-Netflix_St_App-Netflix_St_AppUITests/Pods-Netflix_St_App-Netflix_St_AppUITests-frameworks-${CONFIGURATION}-output-files.xcfilelist",
			);
			runOnlyForDeploymentPostprocessing = 0;
			shellPath = /bin/sh;
			shellScript = "\"${PODS_ROOT}/Target Support Files/Pods-Netflix_St_App-Netflix_St_AppUITests/Pods-Netflix_St_App-Netflix_St_AppUITests-frameworks.sh\"\n";
			showEnvVarsInLog = 0;
		};
		4C367172A2FCBC13ED90FF38 /* [CP] Check Pods Manifest.lock */ = {
			isa = PBXShellScriptBuildPhase;
			buildActionMask = 2147483647;
			files = (
			);
			inputFileListPaths = (
			);
			inputPaths = (
				"${PODS_PODFILE_DIR_PATH}/Podfile.lock",
				"${PODS_ROOT}/Manifest.lock",
			);
			name = "[CP] Check Pods Manifest.lock";
			outputFileListPaths = (
			);
			outputPaths = (
				"$(DERIVED_FILE_DIR)/Pods-Netflix_St_App-checkManifestLockResult.txt",
			);
			runOnlyForDeploymentPostprocessing = 0;
			shellPath = /bin/sh;
			shellScript = "diff \"${PODS_PODFILE_DIR_PATH}/Podfile.lock\" \"${PODS_ROOT}/Manifest.lock\" > /dev/null\nif [ $? != 0 ] ; then\n    # print error to STDERR\n    echo \"error: The sandbox is not in sync with the Podfile.lock. Run 'pod install' or update your CocoaPods installation.\" >&2\n    exit 1\nfi\n# This output is used by Xcode 'outputs' to avoid re-running this script phase.\necho \"SUCCESS\" > \"${SCRIPT_OUTPUT_FILE_0}\"\n";
			showEnvVarsInLog = 0;
		};
		6DDAED7AD96C762E2DBB097F /* [CP] Check Pods Manifest.lock */ = {
			isa = PBXShellScriptBuildPhase;
			buildActionMask = 2147483647;
			files = (
			);
			inputFileListPaths = (
			);
			inputPaths = (
				"${PODS_PODFILE_DIR_PATH}/Podfile.lock",
				"${PODS_ROOT}/Manifest.lock",
			);
			name = "[CP] Check Pods Manifest.lock";
			outputFileListPaths = (
			);
			outputPaths = (
				"$(DERIVED_FILE_DIR)/Pods-Netflix_St_App-Netflix_St_AppUITests-checkManifestLockResult.txt",
			);
			runOnlyForDeploymentPostprocessing = 0;
			shellPath = /bin/sh;
			shellScript = "diff \"${PODS_PODFILE_DIR_PATH}/Podfile.lock\" \"${PODS_ROOT}/Manifest.lock\" > /dev/null\nif [ $? != 0 ] ; then\n    # print error to STDERR\n    echo \"error: The sandbox is not in sync with the Podfile.lock. Run 'pod install' or update your CocoaPods installation.\" >&2\n    exit 1\nfi\n# This output is used by Xcode 'outputs' to avoid re-running this script phase.\necho \"SUCCESS\" > \"${SCRIPT_OUTPUT_FILE_0}\"\n";
			showEnvVarsInLog = 0;
		};
		CC618A2DC7543F5B76BE3AAF /* [CP] Check Pods Manifest.lock */ = {
			isa = PBXShellScriptBuildPhase;
			buildActionMask = 2147483647;
			files = (
			);
			inputFileListPaths = (
			);
			inputPaths = (
				"${PODS_PODFILE_DIR_PATH}/Podfile.lock",
				"${PODS_ROOT}/Manifest.lock",
			);
			name = "[CP] Check Pods Manifest.lock";
			outputFileListPaths = (
			);
			outputPaths = (
				"$(DERIVED_FILE_DIR)/Pods-Netflix_St_AppTests-checkManifestLockResult.txt",
			);
			runOnlyForDeploymentPostprocessing = 0;
			shellPath = /bin/sh;
			shellScript = "diff \"${PODS_PODFILE_DIR_PATH}/Podfile.lock\" \"${PODS_ROOT}/Manifest.lock\" > /dev/null\nif [ $? != 0 ] ; then\n    # print error to STDERR\n    echo \"error: The sandbox is not in sync with the Podfile.lock. Run 'pod install' or update your CocoaPods installation.\" >&2\n    exit 1\nfi\n# This output is used by Xcode 'outputs' to avoid re-running this script phase.\necho \"SUCCESS\" > \"${SCRIPT_OUTPUT_FILE_0}\"\n";
			showEnvVarsInLog = 0;
		};
/* End PBXShellScriptBuildPhase section */

/* Begin PBXSourcesBuildPhase section */
		276DADBB260367A600A9ABD2 /* Sources */ = {
			isa = PBXSourcesBuildPhase;
			buildActionMask = 2147483647;
			files = (
				276DAE032603920600A9ABD2 /* HomeViewController.swift in Sources */,
				276DADF9260369D300A9ABD2 /* SearchViewController.swift in Sources */,
				276DADC3260367A600A9ABD2 /* AppDelegate.swift in Sources */,
				274F5AAC260C7C920094719A /* HistoryViewController.swift in Sources */,
				276DAE1A260392A600A9ABD2 /* PlayerView.swift in Sources */,
				274F5A90260C6F7F0094719A /* UpCommingViewController.swift in Sources */,
				276DAE152603928800A9ABD2 /* PlayerViewController.swift in Sources */,
				276DAE0B2603924300A9ABD2 /* RecommendListViewController.swift in Sources */,
				276DADC5260367A600A9ABD2 /* SceneDelegate.swift in Sources */,
				276DADFE2603918600A9ABD2 /* AppTabBarController.swift in Sources */,
			);
			runOnlyForDeploymentPostprocessing = 0;
		};
		276DADD1260367A900A9ABD2 /* Sources */ = {
			isa = PBXSourcesBuildPhase;
			buildActionMask = 2147483647;
			files = (
				276DADDA260367A900A9ABD2 /* Netflix_St_AppTests.swift in Sources */,
			);
			runOnlyForDeploymentPostprocessing = 0;
		};
		276DADDC260367AA00A9ABD2 /* Sources */ = {
			isa = PBXSourcesBuildPhase;
			buildActionMask = 2147483647;
			files = (
				276DADE5260367AA00A9ABD2 /* Netflix_St_AppUITests.swift in Sources */,
			);
			runOnlyForDeploymentPostprocessing = 0;
		};
/* End PBXSourcesBuildPhase section */

/* Begin PBXTargetDependency section */
		276DADD7260367A900A9ABD2 /* PBXTargetDependency */ = {
			isa = PBXTargetDependency;
			target = 276DADBE260367A600A9ABD2 /* Netflix_St_App */;
			targetProxy = 276DADD6260367A900A9ABD2 /* PBXContainerItemProxy */;
		};
		276DADE2260367AA00A9ABD2 /* PBXTargetDependency */ = {
			isa = PBXTargetDependency;
			target = 276DADBE260367A600A9ABD2 /* Netflix_St_App */;
			targetProxy = 276DADE1260367AA00A9ABD2 /* PBXContainerItemProxy */;
		};
/* End PBXTargetDependency section */

/* Begin PBXVariantGroup section */
		276DADC8260367A600A9ABD2 /* Main.storyboard */ = {
			isa = PBXVariantGroup;
			children = (
				276DADC9260367A600A9ABD2 /* Base */,
			);
			name = Main.storyboard;
			sourceTree = "<group>";
		};
		276DADCD260367A900A9ABD2 /* LaunchScreen.storyboard */ = {
			isa = PBXVariantGroup;
			children = (
				276DADCE260367A900A9ABD2 /* Base */,
			);
			name = LaunchScreen.storyboard;
			sourceTree = "<group>";
		};
/* End PBXVariantGroup section */

/* Begin XCBuildConfiguration section */
		276DADE7260367AA00A9ABD2 /* Debug */ = {
			isa = XCBuildConfiguration;
			buildSettings = {
				ALWAYS_SEARCH_USER_PATHS = NO;
				CLANG_ANALYZER_NONNULL = YES;
				CLANG_ANALYZER_NUMBER_OBJECT_CONVERSION = YES_AGGRESSIVE;
				CLANG_CXX_LANGUAGE_STANDARD = "gnu++14";
				CLANG_CXX_LIBRARY = "libc++";
				CLANG_ENABLE_MODULES = YES;
				CLANG_ENABLE_OBJC_ARC = YES;
				CLANG_ENABLE_OBJC_WEAK = YES;
				CLANG_WARN_BLOCK_CAPTURE_AUTORELEASING = YES;
				CLANG_WARN_BOOL_CONVERSION = YES;
				CLANG_WARN_COMMA = YES;
				CLANG_WARN_CONSTANT_CONVERSION = YES;
				CLANG_WARN_DEPRECATED_OBJC_IMPLEMENTATIONS = YES;
				CLANG_WARN_DIRECT_OBJC_ISA_USAGE = YES_ERROR;
				CLANG_WARN_DOCUMENTATION_COMMENTS = YES;
				CLANG_WARN_EMPTY_BODY = YES;
				CLANG_WARN_ENUM_CONVERSION = YES;
				CLANG_WARN_INFINITE_RECURSION = YES;
				CLANG_WARN_INT_CONVERSION = YES;
				CLANG_WARN_NON_LITERAL_NULL_CONVERSION = YES;
				CLANG_WARN_OBJC_IMPLICIT_RETAIN_SELF = YES;
				CLANG_WARN_OBJC_LITERAL_CONVERSION = YES;
				CLANG_WARN_OBJC_ROOT_CLASS = YES_ERROR;
				CLANG_WARN_QUOTED_INCLUDE_IN_FRAMEWORK_HEADER = YES;
				CLANG_WARN_RANGE_LOOP_ANALYSIS = YES;
				CLANG_WARN_STRICT_PROTOTYPES = YES;
				CLANG_WARN_SUSPICIOUS_MOVE = YES;
				CLANG_WARN_UNGUARDED_AVAILABILITY = YES_AGGRESSIVE;
				CLANG_WARN_UNREACHABLE_CODE = YES;
				CLANG_WARN__DUPLICATE_METHOD_MATCH = YES;
				COPY_PHASE_STRIP = NO;
				DEBUG_INFORMATION_FORMAT = dwarf;
				ENABLE_STRICT_OBJC_MSGSEND = YES;
				ENABLE_TESTABILITY = YES;
				GCC_C_LANGUAGE_STANDARD = gnu11;
				GCC_DYNAMIC_NO_PIC = NO;
				GCC_NO_COMMON_BLOCKS = YES;
				GCC_OPTIMIZATION_LEVEL = 0;
				GCC_PREPROCESSOR_DEFINITIONS = (
					"DEBUG=1",
					"$(inherited)",
				);
				GCC_WARN_64_TO_32_BIT_CONVERSION = YES;
				GCC_WARN_ABOUT_RETURN_TYPE = YES_ERROR;
				GCC_WARN_UNDECLARED_SELECTOR = YES;
				GCC_WARN_UNINITIALIZED_AUTOS = YES_AGGRESSIVE;
				GCC_WARN_UNUSED_FUNCTION = YES;
				GCC_WARN_UNUSED_VARIABLE = YES;
				IPHONEOS_DEPLOYMENT_TARGET = 14.4;
				MTL_ENABLE_DEBUG_INFO = INCLUDE_SOURCE;
				MTL_FAST_MATH = YES;
				ONLY_ACTIVE_ARCH = YES;
				SDKROOT = iphoneos;
				SWIFT_ACTIVE_COMPILATION_CONDITIONS = DEBUG;
				SWIFT_OPTIMIZATION_LEVEL = "-Onone";
			};
			name = Debug;
		};
		276DADE8260367AA00A9ABD2 /* Release */ = {
			isa = XCBuildConfiguration;
			buildSettings = {
				ALWAYS_SEARCH_USER_PATHS = NO;
				CLANG_ANALYZER_NONNULL = YES;
				CLANG_ANALYZER_NUMBER_OBJECT_CONVERSION = YES_AGGRESSIVE;
				CLANG_CXX_LANGUAGE_STANDARD = "gnu++14";
				CLANG_CXX_LIBRARY = "libc++";
				CLANG_ENABLE_MODULES = YES;
				CLANG_ENABLE_OBJC_ARC = YES;
				CLANG_ENABLE_OBJC_WEAK = YES;
				CLANG_WARN_BLOCK_CAPTURE_AUTORELEASING = YES;
				CLANG_WARN_BOOL_CONVERSION = YES;
				CLANG_WARN_COMMA = YES;
				CLANG_WARN_CONSTANT_CONVERSION = YES;
				CLANG_WARN_DEPRECATED_OBJC_IMPLEMENTATIONS = YES;
				CLANG_WARN_DIRECT_OBJC_ISA_USAGE = YES_ERROR;
				CLANG_WARN_DOCUMENTATION_COMMENTS = YES;
				CLANG_WARN_EMPTY_BODY = YES;
				CLANG_WARN_ENUM_CONVERSION = YES;
				CLANG_WARN_INFINITE_RECURSION = YES;
				CLANG_WARN_INT_CONVERSION = YES;
				CLANG_WARN_NON_LITERAL_NULL_CONVERSION = YES;
				CLANG_WARN_OBJC_IMPLICIT_RETAIN_SELF = YES;
				CLANG_WARN_OBJC_LITERAL_CONVERSION = YES;
				CLANG_WARN_OBJC_ROOT_CLASS = YES_ERROR;
				CLANG_WARN_QUOTED_INCLUDE_IN_FRAMEWORK_HEADER = YES;
				CLANG_WARN_RANGE_LOOP_ANALYSIS = YES;
				CLANG_WARN_STRICT_PROTOTYPES = YES;
				CLANG_WARN_SUSPICIOUS_MOVE = YES;
				CLANG_WARN_UNGUARDED_AVAILABILITY = YES_AGGRESSIVE;
				CLANG_WARN_UNREACHABLE_CODE = YES;
				CLANG_WARN__DUPLICATE_METHOD_MATCH = YES;
				COPY_PHASE_STRIP = NO;
				DEBUG_INFORMATION_FORMAT = "dwarf-with-dsym";
				ENABLE_NS_ASSERTIONS = NO;
				ENABLE_STRICT_OBJC_MSGSEND = YES;
				GCC_C_LANGUAGE_STANDARD = gnu11;
				GCC_NO_COMMON_BLOCKS = YES;
				GCC_WARN_64_TO_32_BIT_CONVERSION = YES;
				GCC_WARN_ABOUT_RETURN_TYPE = YES_ERROR;
				GCC_WARN_UNDECLARED_SELECTOR = YES;
				GCC_WARN_UNINITIALIZED_AUTOS = YES_AGGRESSIVE;
				GCC_WARN_UNUSED_FUNCTION = YES;
				GCC_WARN_UNUSED_VARIABLE = YES;
				IPHONEOS_DEPLOYMENT_TARGET = 14.4;
				MTL_ENABLE_DEBUG_INFO = NO;
				MTL_FAST_MATH = YES;
				SDKROOT = iphoneos;
				SWIFT_COMPILATION_MODE = wholemodule;
				SWIFT_OPTIMIZATION_LEVEL = "-O";
				VALIDATE_PRODUCT = YES;
			};
			name = Release;
		};
		276DADEA260367AA00A9ABD2 /* Debug */ = {
			isa = XCBuildConfiguration;
			baseConfigurationReference = 376A92C33D7543E685D8D7A8 /* Pods-Netflix_St_App.debug.xcconfig */;
			buildSettings = {
				ASSETCATALOG_COMPILER_APPICON_NAME = AppIcon;
				ASSETCATALOG_COMPILER_GLOBAL_ACCENT_COLOR_NAME = AccentColor;
				CODE_SIGN_STYLE = Automatic;
				INFOPLIST_FILE = Netflix_St_App/Info.plist;
				LD_RUNPATH_SEARCH_PATHS = (
					"$(inherited)",
					"@executable_path/Frameworks",
				);
				PRODUCT_BUNDLE_IDENTIFIER = "khon.Netflix-St-App";
				PRODUCT_NAME = "$(TARGET_NAME)";
				SWIFT_VERSION = 5.0;
				TARGETED_DEVICE_FAMILY = "1,2";
			};
			name = Debug;
		};
		276DADEB260367AA00A9ABD2 /* Release */ = {
			isa = XCBuildConfiguration;
			baseConfigurationReference = 06E148F19A40685B39B49FDD /* Pods-Netflix_St_App.release.xcconfig */;
			buildSettings = {
				ASSETCATALOG_COMPILER_APPICON_NAME = AppIcon;
				ASSETCATALOG_COMPILER_GLOBAL_ACCENT_COLOR_NAME = AccentColor;
				CODE_SIGN_STYLE = Automatic;
				INFOPLIST_FILE = Netflix_St_App/Info.plist;
				LD_RUNPATH_SEARCH_PATHS = (
					"$(inherited)",
					"@executable_path/Frameworks",
				);
				PRODUCT_BUNDLE_IDENTIFIER = "khon.Netflix-St-App";
				PRODUCT_NAME = "$(TARGET_NAME)";
				SWIFT_VERSION = 5.0;
				TARGETED_DEVICE_FAMILY = "1,2";
			};
			name = Release;
		};
		276DADED260367AA00A9ABD2 /* Debug */ = {
			isa = XCBuildConfiguration;
			baseConfigurationReference = 8F9D51AA417246D4BDC8A40A /* Pods-Netflix_St_AppTests.debug.xcconfig */;
			buildSettings = {
				ALWAYS_EMBED_SWIFT_STANDARD_LIBRARIES = YES;
				BUNDLE_LOADER = "$(TEST_HOST)";
				CODE_SIGN_STYLE = Automatic;
				INFOPLIST_FILE = Netflix_St_AppTests/Info.plist;
				IPHONEOS_DEPLOYMENT_TARGET = 14.4;
				LD_RUNPATH_SEARCH_PATHS = (
					"$(inherited)",
					"@executable_path/Frameworks",
					"@loader_path/Frameworks",
				);
				PRODUCT_BUNDLE_IDENTIFIER = "khon.Netflix-St-AppTests";
				PRODUCT_NAME = "$(TARGET_NAME)";
				SWIFT_VERSION = 5.0;
				TARGETED_DEVICE_FAMILY = "1,2";
				TEST_HOST = "$(BUILT_PRODUCTS_DIR)/Netflix_St_App.app/Netflix_St_App";
			};
			name = Debug;
		};
		276DADEE260367AA00A9ABD2 /* Release */ = {
			isa = XCBuildConfiguration;
			baseConfigurationReference = F521C39EF55D3EAE86775013 /* Pods-Netflix_St_AppTests.release.xcconfig */;
			buildSettings = {
				ALWAYS_EMBED_SWIFT_STANDARD_LIBRARIES = YES;
				BUNDLE_LOADER = "$(TEST_HOST)";
				CODE_SIGN_STYLE = Automatic;
				INFOPLIST_FILE = Netflix_St_AppTests/Info.plist;
				IPHONEOS_DEPLOYMENT_TARGET = 14.4;
				LD_RUNPATH_SEARCH_PATHS = (
					"$(inherited)",
					"@executable_path/Frameworks",
					"@loader_path/Frameworks",
				);
				PRODUCT_BUNDLE_IDENTIFIER = "khon.Netflix-St-AppTests";
				PRODUCT_NAME = "$(TARGET_NAME)";
				SWIFT_VERSION = 5.0;
				TARGETED_DEVICE_FAMILY = "1,2";
				TEST_HOST = "$(BUILT_PRODUCTS_DIR)/Netflix_St_App.app/Netflix_St_App";
			};
			name = Release;
		};
		276DADF0260367AA00A9ABD2 /* Debug */ = {
			isa = XCBuildConfiguration;
			baseConfigurationReference = 307CCF529767D608E739F342 /* Pods-Netflix_St_App-Netflix_St_AppUITests.debug.xcconfig */;
			buildSettings = {
				ALWAYS_EMBED_SWIFT_STANDARD_LIBRARIES = YES;
				CODE_SIGN_STYLE = Automatic;
				INFOPLIST_FILE = Netflix_St_AppUITests/Info.plist;
				LD_RUNPATH_SEARCH_PATHS = (
					"$(inherited)",
					"@executable_path/Frameworks",
					"@loader_path/Frameworks",
				);
				PRODUCT_BUNDLE_IDENTIFIER = "khon.Netflix-St-AppUITests";
				PRODUCT_NAME = "$(TARGET_NAME)";
				SWIFT_VERSION = 5.0;
				TARGETED_DEVICE_FAMILY = "1,2";
				TEST_TARGET_NAME = Netflix_St_App;
			};
			name = Debug;
		};
		276DADF1260367AA00A9ABD2 /* Release */ = {
			isa = XCBuildConfiguration;
			baseConfigurationReference = 2272DA45E8D9A89565567ABE /* Pods-Netflix_St_App-Netflix_St_AppUITests.release.xcconfig */;
			buildSettings = {
				ALWAYS_EMBED_SWIFT_STANDARD_LIBRARIES = YES;
				CODE_SIGN_STYLE = Automatic;
				INFOPLIST_FILE = Netflix_St_AppUITests/Info.plist;
				LD_RUNPATH_SEARCH_PATHS = (
					"$(inherited)",
					"@executable_path/Frameworks",
					"@loader_path/Frameworks",
				);
				PRODUCT_BUNDLE_IDENTIFIER = "khon.Netflix-St-AppUITests";
				PRODUCT_NAME = "$(TARGET_NAME)";
				SWIFT_VERSION = 5.0;
				TARGETED_DEVICE_FAMILY = "1,2";
				TEST_TARGET_NAME = Netflix_St_App;
			};
			name = Release;
		};
/* End XCBuildConfiguration section */

/* Begin XCConfigurationList section */
		276DADBA260367A600A9ABD2 /* Build configuration list for PBXProject "Netflix_St_App" */ = {
			isa = XCConfigurationList;
			buildConfigurations = (
				276DADE7260367AA00A9ABD2 /* Debug */,
				276DADE8260367AA00A9ABD2 /* Release */,
			);
			defaultConfigurationIsVisible = 0;
			defaultConfigurationName = Release;
		};
		276DADE9260367AA00A9ABD2 /* Build configuration list for PBXNativeTarget "Netflix_St_App" */ = {
			isa = XCConfigurationList;
			buildConfigurations = (
				276DADEA260367AA00A9ABD2 /* Debug */,
				276DADEB260367AA00A9ABD2 /* Release */,
			);
			defaultConfigurationIsVisible = 0;
			defaultConfigurationName = Release;
		};
		276DADEC260367AA00A9ABD2 /* Build configuration list for PBXNativeTarget "Netflix_St_AppTests" */ = {
			isa = XCConfigurationList;
			buildConfigurations = (
				276DADED260367AA00A9ABD2 /* Debug */,
				276DADEE260367AA00A9ABD2 /* Release */,
			);
			defaultConfigurationIsVisible = 0;
			defaultConfigurationName = Release;
		};
		276DADEF260367AA00A9ABD2 /* Build configuration list for PBXNativeTarget "Netflix_St_AppUITests" */ = {
			isa = XCConfigurationList;
			buildConfigurations = (
				276DADF0260367AA00A9ABD2 /* Debug */,
				276DADF1260367AA00A9ABD2 /* Release */,
			);
			defaultConfigurationIsVisible = 0;
			defaultConfigurationName = Release;
		};
/* End XCConfigurationList section */

/* Begin XCRemoteSwiftPackageReference section */
		2750A92E26047A130029F076 /* XCRemoteSwiftPackageReference "Kingfisher" */ = {
			isa = XCRemoteSwiftPackageReference;
			repositoryURL = "https://github.com/onevcat/Kingfisher";
			requirement = {
				kind = upToNextMajorVersion;
				minimumVersion = 6.2.1;
			};
		};
/* End XCRemoteSwiftPackageReference section */

/* Begin XCSwiftPackageProductDependency section */
		2750A92F26047A130029F076 /* Kingfisher */ = {
			isa = XCSwiftPackageProductDependency;
			package = 2750A92E26047A130029F076 /* XCRemoteSwiftPackageReference "Kingfisher" */;
			productName = Kingfisher;
		};
/* End XCSwiftPackageProductDependency section */
	};
	rootObject = 276DADB7260367A600A9ABD2 /* Project object */;
}
